
Microsoft Visual Studio Solution File, Format Version 12.00
# Visual Studio 2013
VisualStudioVersion = 12.0.21005.1
MinimumVisualStudioVersion = 10.0.40219.1
Project("{8BC9CEB8-8B4A-11D0-8D11-00A0C91BC942}") = "CplusplusServerProject", "CplusplusServerProject\CplusplusServerProject.vcxproj", "{E25AA707-65C3-4458-9007-F575BEF24B7C}"
EndProject
Project("{8BC9CEB8-8B4A-11D0-8D11-00A0C91BC942}") = "DataTransfer", "DataTransfer\DataTransfer.vcxproj", "{A059AB9E-7A40-4801-978E-0406A2790155}"
	ProjectSection(ProjectDependencies) = postProject
		{1001D516-62C0-4FDA-BD7A-DDFA62855A6B} = {1001D516-62C0-4FDA-BD7A-DDFA62855A6B}
		{3596EC36-B735-4394-9BDF-B3C8B84DC285} = {3596EC36-B735-4394-9BDF-B3C8B84DC285}
	EndProjectSection
EndProject
Project("{8BC9CEB8-8B4A-11D0-8D11-00A0C91BC942}") = "DataTransferLib", "DataTransferLib\DataTransferLib.vcxproj", "{3596EC36-B735-4394-9BDF-B3C8B84DC285}"
EndProject
Project("{8BC9CEB8-8B4A-11D0-8D11-00A0C91BC942}") = "IServer", "IServer\IServer.vcxproj", "{C25C775F-D633-4FDC-9003-ADAD41A38D1F}"
EndProject
Project("{8BC9CEB8-8B4A-11D0-8D11-00A0C91BC942}") = "DB", "DB\DB.vcxproj", "{DA200477-9339-4D0E-AF0E-404DC851BA6D}"
EndProject
Project("{8BC9CEB8-8B4A-11D0-8D11-00A0C91BC942}") = "Log", "Log\Log.vcxproj", "{1001D516-62C0-4FDA-BD7A-DDFA62855A6B}"
EndProject
Project("{8BC9CEB8-8B4A-11D0-8D11-00A0C91BC942}") = "Utils", "Utils\Utils.vcxproj", "{7C239AC2-8F1C-452B-AD0B-7CDADA2844C8}"
EndProject
Project("{8BC9CEB8-8B4A-11D0-8D11-00A0C91BC942}") = "PythonAccess", "PythonAccess\PythonAccess.vcxproj", "{D709884F-9DC0-4A72-93A2-68689C388E43}"
EndProject
Project("{2150E333-8FDC-42A3-9474-1A3956D46DE8}") = "Cplusplus", "Cplusplus", "{C548B2CD-0EAB-4384-A65E-8DCC94DAEBEE}"
EndProject
Project("{8BC9CEB8-8B4A-11D0-8D11-00A0C91BC942}") = "My Server", "My Server\My Server.vcxproj", "{0F5D9B3A-2FB7-49D0-B2E2-B4CD9100368A}"
EndProject
Project("{8BC9CEB8-8B4A-11D0-8D11-00A0C91BC942}") = "LuaLib", "LuaLib\LuaLib.vcxproj", "{7F8F0167-E4AC-4398-8ED4-F997A38702EC}"
EndProject
Global
	GlobalSection(SolutionConfigurationPlatforms) = preSolution
		Debug|Any CPU = Debug|Any CPU
		Debug|ARM = Debug|ARM
		Debug|Mixed Platforms = Debug|Mixed Platforms
		Debug|Win32 = Debug|Win32
		Debug|x64 = Debug|x64
		Debug|x86 = Debug|x86
		Release|Any CPU = Release|Any CPU
		Release|ARM = Release|ARM
		Release|Mixed Platforms = Release|Mixed Platforms
		Release|Win32 = Release|Win32
		Release|x64 = Release|x64
		Release|x86 = Release|x86
	EndGlobalSection
	GlobalSection(ProjectConfigurationPlatforms) = postSolution
		{E25AA707-65C3-4458-9007-F575BEF24B7C}.Debug|Any CPU.ActiveCfg = Debug|Win32
		{E25AA707-65C3-4458-9007-F575BEF24B7C}.Debug|ARM.ActiveCfg = Debug|Win32
		{E25AA707-65C3-4458-9007-F575BEF24B7C}.Debug|Mixed Platforms.ActiveCfg = Debug|Win32
		{E25AA707-65C3-4458-9007-F575BEF24B7C}.Debug|Mixed Platforms.Build.0 = Debug|Win32
		{E25AA707-65C3-4458-9007-F575BEF24B7C}.Debug|Win32.ActiveCfg = Debug|Win32
		{E25AA707-65C3-4458-9007-F575BEF24B7C}.Debug|x64.ActiveCfg = Debug|x64
		{E25AA707-65C3-4458-9007-F575BEF24B7C}.Debug|x86.ActiveCfg = Debug|Win32
		{E25AA707-65C3-4458-9007-F575BEF24B7C}.Debug|x86.Build.0 = Debug|Win32
		{E25AA707-65C3-4458-9007-F575BEF24B7C}.Release|Any CPU.ActiveCfg = Release|Win32
		{E25AA707-65C3-4458-9007-F575BEF24B7C}.Release|ARM.ActiveCfg = Release|Win32
		{E25AA707-65C3-4458-9007-F575BEF24B7C}.Release|Mixed Platforms.ActiveCfg = Release|Win32
		{E25AA707-65C3-4458-9007-F575BEF24B7C}.Release|Mixed Platforms.Build.0 = Release|Win32
		{E25AA707-65C3-4458-9007-F575BEF24B7C}.Release|Win32.ActiveCfg = Release|Win32
		{E25AA707-65C3-4458-9007-F575BEF24B7C}.Release|Win32.Build.0 = Release|Win32
		{E25AA707-65C3-4458-9007-F575BEF24B7C}.Release|x64.ActiveCfg = Release|x64
		{E25AA707-65C3-4458-9007-F575BEF24B7C}.Release|x64.Build.0 = Release|x64
		{E25AA707-65C3-4458-9007-F575BEF24B7C}.Release|x86.ActiveCfg = Release|Win32
		{E25AA707-65C3-4458-9007-F575BEF24B7C}.Release|x86.Build.0 = Release|Win32
		{A059AB9E-7A40-4801-978E-0406A2790155}.Debug|Any CPU.ActiveCfg = Debug|Win32
		{A059AB9E-7A40-4801-978E-0406A2790155}.Debug|ARM.ActiveCfg = Debug|Win32
		{A059AB9E-7A40-4801-978E-0406A2790155}.Debug|Mixed Platforms.ActiveCfg = Debug|Win32
		{A059AB9E-7A40-4801-978E-0406A2790155}.Debug|Mixed Platforms.Build.0 = Debug|Win32
		{A059AB9E-7A40-4801-978E-0406A2790155}.Debug|Win32.ActiveCfg = Debug|Win32
		{A059AB9E-7A40-4801-978E-0406A2790155}.Debug|Win32.Build.0 = Debug|Win32
		{A059AB9E-7A40-4801-978E-0406A2790155}.Debug|x64.ActiveCfg = Debug|x64
		{A059AB9E-7A40-4801-978E-0406A2790155}.Debug|x64.Build.0 = Debug|x64
		{A059AB9E-7A40-4801-978E-0406A2790155}.Debug|x86.ActiveCfg = Debug|Win32
		{A059AB9E-7A40-4801-978E-0406A2790155}.Debug|x86.Build.0 = Debug|Win32
		{A059AB9E-7A40-4801-978E-0406A2790155}.Release|Any CPU.ActiveCfg = Release|Win32
		{A059AB9E-7A40-4801-978E-0406A2790155}.Release|ARM.ActiveCfg = Release|Win32
		{A059AB9E-7A40-4801-978E-0406A2790155}.Release|Mixed Platforms.ActiveCfg = Release|Win32
		{A059AB9E-7A40-4801-978E-0406A2790155}.Release|Mixed Platforms.Build.0 = Release|Win32
		{A059AB9E-7A40-4801-978E-0406A2790155}.Release|Win32.ActiveCfg = Release|Win32
		{A059AB9E-7A40-4801-978E-0406A2790155}.Release|Win32.Build.0 = Release|Win32
		{A059AB9E-7A40-4801-978E-0406A2790155}.Release|x64.ActiveCfg = Release|x64
		{A059AB9E-7A40-4801-978E-0406A2790155}.Release|x86.ActiveCfg = Release|Win32
		{A059AB9E-7A40-4801-978E-0406A2790155}.Release|x86.Build.0 = Release|Win32
		{3596EC36-B735-4394-9BDF-B3C8B84DC285}.Debug|Any CPU.ActiveCfg = Debug|Win32
		{3596EC36-B735-4394-9BDF-B3C8B84DC285}.Debug|ARM.ActiveCfg = Debug|Win32
		{3596EC36-B735-4394-9BDF-B3C8B84DC285}.Debug|Mixed Platforms.ActiveCfg = Debug|Win32
		{3596EC36-B735-4394-9BDF-B3C8B84DC285}.Debug|Mixed Platforms.Build.0 = Debug|Win32
		{3596EC36-B735-4394-9BDF-B3C8B84DC285}.Debug|Win32.ActiveCfg = Debug|Win32
		{3596EC36-B735-4394-9BDF-B3C8B84DC285}.Debug|Win32.Build.0 = Debug|Win32
		{3596EC36-B735-4394-9BDF-B3C8B84DC285}.Debug|x64.ActiveCfg = Debug|x64
		{3596EC36-B735-4394-9BDF-B3C8B84DC285}.Debug|x64.Build.0 = Debug|x64
		{3596EC36-B735-4394-9BDF-B3C8B84DC285}.Debug|x86.ActiveCfg = Debug|Win32
		{3596EC36-B735-4394-9BDF-B3C8B84DC285}.Debug|x86.Build.0 = Debug|Win32
		{3596EC36-B735-4394-9BDF-B3C8B84DC285}.Release|Any CPU.ActiveCfg = Release|Win32
		{3596EC36-B735-4394-9BDF-B3C8B84DC285}.Release|ARM.ActiveCfg = Release|Win32
		{3596EC36-B735-4394-9BDF-B3C8B84DC285}.Release|Mixed Platforms.ActiveCfg = Release|Win32
		{3596EC36-B735-4394-9BDF-B3C8B84DC285}.Release|Mixed Platforms.Build.0 = Release|Win32
		{3596EC36-B735-4394-9BDF-B3C8B84DC285}.Release|Win32.ActiveCfg = Release|Win32
		{3596EC36-B735-4394-9BDF-B3C8B84DC285}.Release|Win32.Build.0 = Release|Win32
		{3596EC36-B735-4394-9BDF-B3C8B84DC285}.Release|x64.ActiveCfg = Release|x64
		{3596EC36-B735-4394-9BDF-B3C8B84DC285}.Release|x86.ActiveCfg = Release|Win32
		{3596EC36-B735-4394-9BDF-B3C8B84DC285}.Release|x86.Build.0 = Release|Win32
		{C25C775F-D633-4FDC-9003-ADAD41A38D1F}.Debug|Any CPU.ActiveCfg = Debug|Win32
		{C25C775F-D633-4FDC-9003-ADAD41A38D1F}.Debug|ARM.ActiveCfg = Debug|Win32
		{C25C775F-D633-4FDC-9003-ADAD41A38D1F}.Debug|Mixed Platforms.ActiveCfg = Debug|Win32
		{C25C775F-D633-4FDC-9003-ADAD41A38D1F}.Debug|Mixed Platforms.Build.0 = Debug|Win32
		{C25C775F-D633-4FDC-9003-ADAD41A38D1F}.Debug|Win32.ActiveCfg = Debug|Win32
		{C25C775F-D633-4FDC-9003-ADAD41A38D1F}.Debug|Win32.Build.0 = Debug|Win32
		{C25C775F-D633-4FDC-9003-ADAD41A38D1F}.Debug|x64.ActiveCfg = Debug|x64
		{C25C775F-D633-4FDC-9003-ADAD41A38D1F}.Debug|x64.Build.0 = Debug|x64
		{C25C775F-D633-4FDC-9003-ADAD41A38D1F}.Debug|x86.ActiveCfg = Debug|Win32
		{C25C775F-D633-4FDC-9003-ADAD41A38D1F}.Debug|x86.Build.0 = Debug|Win32
		{C25C775F-D633-4FDC-9003-ADAD41A38D1F}.Release|Any CPU.ActiveCfg = Release|Win32
		{C25C775F-D633-4FDC-9003-ADAD41A38D1F}.Release|ARM.ActiveCfg = Release|Win32
		{C25C775F-D633-4FDC-9003-ADAD41A38D1F}.Release|Mixed Platforms.ActiveCfg = Release|Win32
		{C25C775F-D633-4FDC-9003-ADAD41A38D1F}.Release|Mixed Platforms.Build.0 = Release|Win32
		{C25C775F-D633-4FDC-9003-ADAD41A38D1F}.Release|Win32.ActiveCfg = Release|Win32
		{C25C775F-D633-4FDC-9003-ADAD41A38D1F}.Release|Win32.Build.0 = Release|Win32
		{C25C775F-D633-4FDC-9003-ADAD41A38D1F}.Release|x64.ActiveCfg = Release|x64
		{C25C775F-D633-4FDC-9003-ADAD41A38D1F}.Release|x86.ActiveCfg = Release|Win32
		{C25C775F-D633-4FDC-9003-ADAD41A38D1F}.Release|x86.Build.0 = Release|Win32
		{DA200477-9339-4D0E-AF0E-404DC851BA6D}.Debug|Any CPU.ActiveCfg = Debug|Win32
		{DA200477-9339-4D0E-AF0E-404DC851BA6D}.Debug|ARM.ActiveCfg = Debug|Win32
		{DA200477-9339-4D0E-AF0E-404DC851BA6D}.Debug|Mixed Platforms.ActiveCfg = Debug|Win32
		{DA200477-9339-4D0E-AF0E-404DC851BA6D}.Debug|Mixed Platforms.Build.0 = Debug|Win32
		{DA200477-9339-4D0E-AF0E-404DC851BA6D}.Debug|Win32.ActiveCfg = Debug|Win32
		{DA200477-9339-4D0E-AF0E-404DC851BA6D}.Debug|Win32.Build.0 = Debug|Win32
		{DA200477-9339-4D0E-AF0E-404DC851BA6D}.Debug|x64.ActiveCfg = Debug|x64
		{DA200477-9339-4D0E-AF0E-404DC851BA6D}.Debug|x64.Build.0 = Debug|x64
		{DA200477-9339-4D0E-AF0E-404DC851BA6D}.Debug|x86.ActiveCfg = Debug|Win32
		{DA200477-9339-4D0E-AF0E-404DC851BA6D}.Debug|x86.Build.0 = Debug|Win32
		{DA200477-9339-4D0E-AF0E-404DC851BA6D}.Release|Any CPU.ActiveCfg = Release|Win32
		{DA200477-9339-4D0E-AF0E-404DC851BA6D}.Release|ARM.ActiveCfg = Release|Win32
		{DA200477-9339-4D0E-AF0E-404DC851BA6D}.Release|Mixed Platforms.ActiveCfg = Release|Win32
		{DA200477-9339-4D0E-AF0E-404DC851BA6D}.Release|Mixed Platforms.Build.0 = Release|Win32
		{DA200477-9339-4D0E-AF0E-404DC851BA6D}.Release|Win32.ActiveCfg = Release|Win32
		{DA200477-9339-4D0E-AF0E-404DC851BA6D}.Release|Win32.Build.0 = Release|Win32
		{DA200477-9339-4D0E-AF0E-404DC851BA6D}.Release|x64.ActiveCfg = Release|x64
		{DA200477-9339-4D0E-AF0E-404DC851BA6D}.Release|x86.ActiveCfg = Release|Win32
		{DA200477-9339-4D0E-AF0E-404DC851BA6D}.Release|x86.Build.0 = Release|Win32
		{1001D516-62C0-4FDA-BD7A-DDFA62855A6B}.Debug|Any CPU.ActiveCfg = Debug|Win32
		{1001D516-62C0-4FDA-BD7A-DDFA62855A6B}.Debug|ARM.ActiveCfg = Debug|Win32
		{1001D516-62C0-4FDA-BD7A-DDFA62855A6B}.Debug|Mixed Platforms.ActiveCfg = Debug|Win32
		{1001D516-62C0-4FDA-BD7A-DDFA62855A6B}.Debug|Mixed Platforms.Build.0 = Debug|Win32
		{1001D516-62C0-4FDA-BD7A-DDFA62855A6B}.Debug|Win32.ActiveCfg = Debug|Win32
		{1001D516-62C0-4FDA-BD7A-DDFA62855A6B}.Debug|Win32.Build.0 = Debug|Win32
		{1001D516-62C0-4FDA-BD7A-DDFA62855A6B}.Debug|x64.ActiveCfg = Debug|x64
		{1001D516-62C0-4FDA-BD7A-DDFA62855A6B}.Debug|x64.Build.0 = Debug|x64
		{1001D516-62C0-4FDA-BD7A-DDFA62855A6B}.Debug|x86.ActiveCfg = Debug|Win32
		{1001D516-62C0-4FDA-BD7A-DDFA62855A6B}.Debug|x86.Build.0 = Debug|Win32
		{1001D516-62C0-4FDA-BD7A-DDFA62855A6B}.Release|Any CPU.ActiveCfg = Release|Win32
		{1001D516-62C0-4FDA-BD7A-DDFA62855A6B}.Release|ARM.ActiveCfg = Release|Win32
		{1001D516-62C0-4FDA-BD7A-DDFA62855A6B}.Release|Mixed Platforms.ActiveCfg = Release|Win32
		{1001D516-62C0-4FDA-BD7A-DDFA62855A6B}.Release|Mixed Platforms.Build.0 = Release|Win32
		{1001D516-62C0-4FDA-BD7A-DDFA62855A6B}.Release|Win32.ActiveCfg = Release|Win32
		{1001D516-62C0-4FDA-BD7A-DDFA62855A6B}.Release|Win32.Build.0 = Release|Win32
		{1001D516-62C0-4FDA-BD7A-DDFA62855A6B}.Release|x64.ActiveCfg = Release|x64
		{1001D516-62C0-4FDA-BD7A-DDFA62855A6B}.Release|x86.ActiveCfg = Release|Win32
		{1001D516-62C0-4FDA-BD7A-DDFA62855A6B}.Release|x86.Build.0 = Release|Win32
		{7C239AC2-8F1C-452B-AD0B-7CDADA2844C8}.Debug|Any CPU.ActiveCfg = Debug|Win32
		{7C239AC2-8F1C-452B-AD0B-7CDADA2844C8}.Debug|ARM.ActiveCfg = Debug|Win32
		{7C239AC2-8F1C-452B-AD0B-7CDADA2844C8}.Debug|Mixed Platforms.ActiveCfg = Debug|Win32
		{7C239AC2-8F1C-452B-AD0B-7CDADA2844C8}.Debug|Mixed Platforms.Build.0 = Debug|Win32
		{7C239AC2-8F1C-452B-AD0B-7CDADA2844C8}.Debug|Win32.ActiveCfg = Debug|Win32
		{7C239AC2-8F1C-452B-AD0B-7CDADA2844C8}.Debug|Win32.Build.0 = Debug|Win32
		{7C239AC2-8F1C-452B-AD0B-7CDADA2844C8}.Debug|x64.ActiveCfg = Debug|x64
		{7C239AC2-8F1C-452B-AD0B-7CDADA2844C8}.Debug|x64.Build.0 = Debug|x64
		{7C239AC2-8F1C-452B-AD0B-7CDADA2844C8}.Debug|x86.ActiveCfg = Debug|Win32
		{7C239AC2-8F1C-452B-AD0B-7CDADA2844C8}.Debug|x86.Build.0 = Debug|Win32
		{7C239AC2-8F1C-452B-AD0B-7CDADA2844C8}.Release|Any CPU.ActiveCfg = Release|Win32
		{7C239AC2-8F1C-452B-AD0B-7CDADA2844C8}.Release|ARM.ActiveCfg = Release|Win32
		{7C239AC2-8F1C-452B-AD0B-7CDADA2844C8}.Release|Mixed Platforms.ActiveCfg = Release|Win32
		{7C239AC2-8F1C-452B-AD0B-7CDADA2844C8}.Release|Mixed Platforms.Build.0 = Release|Win32
		{7C239AC2-8F1C-452B-AD0B-7CDADA2844C8}.Release|Win32.ActiveCfg = Release|Win32
		{7C239AC2-8F1C-452B-AD0B-7CDADA2844C8}.Release|Win32.Build.0 = Release|Win32
		{7C239AC2-8F1C-452B-AD0B-7CDADA2844C8}.Release|x64.ActiveCfg = Release|x64
		{7C239AC2-8F1C-452B-AD0B-7CDADA2844C8}.Release|x86.ActiveCfg = Release|Win32
		{7C239AC2-8F1C-452B-AD0B-7CDADA2844C8}.Release|x86.Build.0 = Release|Win32
		{D709884F-9DC0-4A72-93A2-68689C388E43}.Debug|Any CPU.ActiveCfg = Debug|Win32
		{D709884F-9DC0-4A72-93A2-68689C388E43}.Debug|ARM.ActiveCfg = Debug|Win32
		{D709884F-9DC0-4A72-93A2-68689C388E43}.Debug|Mixed Platforms.ActiveCfg = Debug|Win32
		{D709884F-9DC0-4A72-93A2-68689C388E43}.Debug|Mixed Platforms.Build.0 = Debug|Win32
		{D709884F-9DC0-4A72-93A2-68689C388E43}.Debug|Win32.ActiveCfg = Debug|Win32
		{D709884F-9DC0-4A72-93A2-68689C388E43}.Debug|Win32.Build.0 = Debug|Win32
		{D709884F-9DC0-4A72-93A2-68689C388E43}.Debug|x64.ActiveCfg = Debug|x64
		{D709884F-9DC0-4A72-93A2-68689C388E43}.Debug|x64.Build.0 = Debug|x64
		{D709884F-9DC0-4A72-93A2-68689C388E43}.Debug|x86.ActiveCfg = Debug|Win32
		{D709884F-9DC0-4A72-93A2-68689C388E43}.Debug|x86.Build.0 = Debug|Win32
		{D709884F-9DC0-4A72-93A2-68689C388E43}.Release|Any CPU.ActiveCfg = Release|Win32
		{D709884F-9DC0-4A72-93A2-68689C388E43}.Release|ARM.ActiveCfg = Release|Win32
		{D709884F-9DC0-4A72-93A2-68689C388E43}.Release|Mixed Platforms.ActiveCfg = Release|Win32
		{D709884F-9DC0-4A72-93A2-68689C388E43}.Release|Mixed Platforms.Build.0 = Release|Win32
		{D709884F-9DC0-4A72-93A2-68689C388E43}.Release|Win32.ActiveCfg = Release|Win32
		{D709884F-9DC0-4A72-93A2-68689C388E43}.Release|Win32.Build.0 = Release|Win32
		{D709884F-9DC0-4A72-93A2-68689C388E43}.Release|x64.ActiveCfg = Release|x64
		{D709884F-9DC0-4A72-93A2-68689C388E43}.Release|x64.Build.0 = Release|x64
		{D709884F-9DC0-4A72-93A2-68689C388E43}.Release|x86.ActiveCfg = Release|Win32
		{D709884F-9DC0-4A72-93A2-68689C388E43}.Release|x86.Build.0 = Release|Win32
		{0F5D9B3A-2FB7-49D0-B2E2-B4CD9100368A}.Debug|Any CPU.ActiveCfg = Debug|Win32
		{0F5D9B3A-2FB7-49D0-B2E2-B4CD9100368A}.Debug|ARM.ActiveCfg = Debug|Win32
		{0F5D9B3A-2FB7-49D0-B2E2-B4CD9100368A}.Debug|Mixed Platforms.ActiveCfg = Debug|Win32
		{0F5D9B3A-2FB7-49D0-B2E2-B4CD9100368A}.Debug|Mixed Platforms.Build.0 = Debug|Win32
		{0F5D9B3A-2FB7-49D0-B2E2-B4CD9100368A}.Debug|Win32.ActiveCfg = Debug|Win32
		{0F5D9B3A-2FB7-49D0-B2E2-B4CD9100368A}.Debug|Win32.Build.0 = Debug|Win32
		{0F5D9B3A-2FB7-49D0-B2E2-B4CD9100368A}.Debug|x64.ActiveCfg = Debug|Win32
		{0F5D9B3A-2FB7-49D0-B2E2-B4CD9100368A}.Debug|x86.ActiveCfg = Debug|Win32
		{0F5D9B3A-2FB7-49D0-B2E2-B4CD9100368A}.Debug|x86.Build.0 = Debug|Win32
		{0F5D9B3A-2FB7-49D0-B2E2-B4CD9100368A}.Release|Any CPU.ActiveCfg = Release|Win32
		{0F5D9B3A-2FB7-49D0-B2E2-B4CD9100368A}.Release|ARM.ActiveCfg = Release|Win32
		{0F5D9B3A-2FB7-49D0-B2E2-B4CD9100368A}.Release|Mixed Platforms.ActiveCfg = Release|Win32
		{0F5D9B3A-2FB7-49D0-B2E2-B4CD9100368A}.Release|Mixed Platforms.Build.0 = Release|Win32
		{0F5D9B3A-2FB7-49D0-B2E2-B4CD9100368A}.Release|Win32.ActiveCfg = Release|Win32
		{0F5D9B3A-2FB7-49D0-B2E2-B4CD9100368A}.Release|Win32.Build.0 = Release|Win32
		{0F5D9B3A-2FB7-49D0-B2E2-B4CD9100368A}.Release|x64.ActiveCfg = Release|Win32
		{0F5D9B3A-2FB7-49D0-B2E2-B4CD9100368A}.Release|x86.ActiveCfg = Release|Win32
		{0F5D9B3A-2FB7-49D0-B2E2-B4CD9100368A}.Release|x86.Build.0 = Release|Win32
		{7F8F0167-E4AC-4398-8ED4-F997A38702EC}.Debug|Any CPU.ActiveCfg = Debug|Win32
		{7F8F0167-E4AC-4398-8ED4-F997A38702EC}.Debug|ARM.ActiveCfg = Debug|Win32
		{7F8F0167-E4AC-4398-8ED4-F997A38702EC}.Debug|Mixed Platforms.ActiveCfg = Debug|Win32
		{7F8F0167-E4AC-4398-8ED4-F997A38702EC}.Debug|Mixed Platforms.Build.0 = Debug|Win32
		{7F8F0167-E4AC-4398-8ED4-F997A38702EC}.Debug|Win32.ActiveCfg = Debug|Win32
		{7F8F0167-E4AC-4398-8ED4-F997A38702EC}.Debug|Win32.Build.0 = Debug|Win32
		{7F8F0167-E4AC-4398-8ED4-F997A38702EC}.Debug|x64.ActiveCfg = Debug|Win32
		{7F8F0167-E4AC-4398-8ED4-F997A38702EC}.Debug|x86.ActiveCfg = Debug|Win32
		{7F8F0167-E4AC-4398-8ED4-F997A38702EC}.Debug|x86.Build.0 = Debug|Win32
		{7F8F0167-E4AC-4398-8ED4-F997A38702EC}.Release|Any CPU.ActiveCfg = Release|Win32
		{7F8F0167-E4AC-4398-8ED4-F997A38702EC}.Release|ARM.ActiveCfg = Release|Win32
		{7F8F0167-E4AC-4398-8ED4-F997A38702EC}.Release|Mixed Platforms.ActiveCfg = Release|Win32
		{7F8F0167-E4AC-4398-8ED4-F997A38702EC}.Release|Mixed Platforms.Build.0 = Release|Win32
		{7F8F0167-E4AC-4398-8ED4-F997A38702EC}.Release|Win32.ActiveCfg = Release|Win32
		{7F8F0167-E4AC-4398-8ED4-F997A38702EC}.Release|Win32.Build.0 = Release|Win32
		{7F8F0167-E4AC-4398-8ED4-F997A38702EC}.Release|x64.ActiveCfg = Release|Win32
		{7F8F0167-E4AC-4398-8ED4-F997A38702EC}.Release|x86.ActiveCfg = Release|Win32
		{7F8F0167-E4AC-4398-8ED4-F997A38702EC}.Release|x86.Build.0 = Release|Win32
	EndGlobalSection
	GlobalSection(SolutionProperties) = preSolution
		HideSolutionNode = FALSE
	EndGlobalSection
	GlobalSection(NestedProjects) = preSolution
		{3596EC36-B735-4394-9BDF-B3C8B84DC285} = {C548B2CD-0EAB-4384-A65E-8DCC94DAEBEE}
		{C25C775F-D633-4FDC-9003-ADAD41A38D1F} = {C548B2CD-0EAB-4384-A65E-8DCC94DAEBEE}
		{DA200477-9339-4D0E-AF0E-404DC851BA6D} = {C548B2CD-0EAB-4384-A65E-8DCC94DAEBEE}
		{1001D516-62C0-4FDA-BD7A-DDFA62855A6B} = {C548B2CD-0EAB-4384-A65E-8DCC94DAEBEE}
		{7C239AC2-8F1C-452B-AD0B-7CDADA2844C8} = {C548B2CD-0EAB-4384-A65E-8DCC94DAEBEE}
		{D709884F-9DC0-4A72-93A2-68689C388E43} = {C548B2CD-0EAB-4384-A65E-8DCC94DAEBEE}
		{A059AB9E-7A40-4801-978E-0406A2790155} = {C548B2CD-0EAB-4384-A65E-8DCC94DAEBEE}
		{7F8F0167-E4AC-4398-8ED4-F997A38702EC} = {C548B2CD-0EAB-4384-A65E-8DCC94DAEBEE}
	EndGlobalSection
EndGlobal
